
Microsoft Visual Studio Solution File, Format Version 12.00
# Visual Studio Version 16
VisualStudioVersion = 16.0.32126.315
MinimumVisualStudioVersion = 10.0.40219.1
Project("{FAE04EC0-301F-11D3-BF4B-00C04F79EFBC}") = "simul_lab_4", "simul_lab_4.csproj", "{A2410C72-2383-45F7-80E7-06A8F9BF5E64}"
EndProject
Global
	GlobalSection(SolutionConfigurationPlatforms) = preSolution
		Debug|Any CPU = Debug|Any CPU
		Release|Any CPU = Release|Any CPU
	EndGlobalSection
	GlobalSection(ProjectConfigurationPlatforms) = postSolution
		{A2410C72-2383-45F7-80E7-06A8F9BF5E64}.Debug|Any CPU.ActiveCfg = Debug|Any CPU
		{A2410C72-2383-45F7-80E7-06A8F9BF5E64}.Debug|Any CPU.Build.0 = Debug|Any CPU
		{A2410C72-2383-45F7-80E7-06A8F9BF5E64}.Release|Any CPU.ActiveCfg = Release|Any CPU
		{A2410C72-2383-45F7-80E7-06A8F9BF5E64}.Release|Any CPU.Build.0 = Release|Any CPU
	EndGlobalSection
	GlobalSection(SolutionProperties) = preSolution
		HideSolutionNode = FALSE
	EndGlobalSection
	GlobalSection(ExtensibilityGlobals) = postSolution
		SolutionGuid = {7DC5036B-DC7F-4E44-97B0-CDE6CDD9E95B}
	EndGlobalSection
EndGlobal
